
Microsoft Visual Studio Solution File, Format Version 12.00
# Visual Studio 15
VisualStudioVersion = 15.0.26730.16
MinimumVisualStudioVersion = 10.0.40219.1
Project("{FAE04EC0-301F-11D3-BF4B-00C04F79EFBC}") = "Sample12_2", "Sample12_2.csproj", "{B3624DE2-4B68-4569-AD43-B1D9F661EB65}"
EndProject
Project("{FAE04EC0-301F-11D3-BF4B-00C04F79EFBC}") = "Sample12_4", "..\Sample12_4\Sample12_4.csproj", "{2DFA073C-4C72-490F-8665-3C4C929D4CF9}"
EndProject
Project("{FAE04EC0-301F-11D3-BF4B-00C04F79EFBC}") = "Sample12_5", "..\Sample12_5\Sample12_5.csproj", "{49EF0C1E-C935-4788-8D2E-FEE29DA8B33A}"
EndProject
Project("{FAE04EC0-301F-11D3-BF4B-00C04F79EFBC}") = "Sample12_7", "..\Sample12_7\Sample12_7.csproj", "{80A65D57-73E7-4631-A7D8-EFF6967ECE66}"
EndProject
Project("{FAE04EC0-301F-11D3-BF4B-00C04F79EFBC}") = "Sample12_11", "..\Sample12\Sample12_11.csproj", "{8A5E3E1E-F7FD-4235-830A-7606E62B9A59}"
EndProject
Project("{FAE04EC0-301F-11D3-BF4B-00C04F79EFBC}") = "Sample12_13_1", "Sample12_13_1\Sample12_13_1.csproj", "{9FE19844-3BBB-4E19-94D8-569749B71496}"
EndProject
Project("{FAE04EC0-301F-11D3-BF4B-00C04F79EFBC}") = "Sample12", "Sample12\Sample12.csproj", "{5FE73395-A0E4-4F18-8436-D6CBA567E486}"
EndProject
Project("{FAE04EC0-301F-11D3-BF4B-00C04F79EFBC}") = "Sample12_17", "..\Sample12_17\Sample12_17.csproj", "{AB62E8C4-ECCC-498F-B0F3-647C2CC1B951}"
EndProject
Project("{FAE04EC0-301F-11D3-BF4B-00C04F79EFBC}") = "Sample13_3", "..\Sample13_3\Sample13_3.csproj", "{84D6D28E-8D31-4C80-8571-1BB5994A9F65}"
EndProject
Project("{FAE04EC0-301F-11D3-BF4B-00C04F79EFBC}") = "Sample13_4", "Sample13_4\Sample13_4.csproj", "{BCD74D0E-CEA3-4F33-A188-5510DCA9D1C6}"
EndProject
Project("{FAE04EC0-301F-11D3-BF4B-00C04F79EFBC}") = "Sample13_5", "Sample13_5\Sample13_5.csproj", "{321D13AD-E320-4D5F-B955-AEC6CC25B0BA}"
EndProject
Project("{FAE04EC0-301F-11D3-BF4B-00C04F79EFBC}") = "Sample14_14_6", "..\Sample14_14_6\Sample14_14_6.csproj", "{0610CDD2-1154-487A-BB62-D42FAF9378BA}"
EndProject
Project("{FAE04EC0-301F-11D3-BF4B-00C04F79EFBC}") = "Sample12_12_10", "..\Sample12_12_10\Sample12_12_10.csproj", "{CABDFDF5-23B3-4E5E-9803-4E06E4C87678}"
EndProject
Project("{FAE04EC0-301F-11D3-BF4B-00C04F79EFBC}") = "Sample15_7", "..\Sample15_7\Sample15_7.csproj", "{7A1AB0DA-782D-4EB7-B597-B49F87C93557}"
EndProject
Project("{FAE04EC0-301F-11D3-BF4B-00C04F79EFBC}") = "Sample15_8", "Sample15_8\Sample15_8.csproj", "{484DEF25-5267-410D-A361-24C390D0270D}"
EndProject
Project("{FAE04EC0-301F-11D3-BF4B-00C04F79EFBC}") = "Sample15_9_10", "..\Sample15_10\Sample15_9_10.csproj", "{6C4C8A55-D1DE-44E8-874F-A5AB1340CE56}"
EndProject
Project("{FAE04EC0-301F-11D3-BF4B-00C04F79EFBC}") = "Sample15_12", "..\Sample15_12\Sample15_12.csproj", "{AF8FB4C6-95D4-40F7-86D9-36695BDFEC2C}"
EndProject
Project("{FAE04EC0-301F-11D3-BF4B-00C04F79EFBC}") = "Sample15_14", "..\Sample15_14\WpfApp1\Sample15_14.csproj", "{347B1D42-8FFA-40DF-B76F-14BD3CCD5156}"
EndProject
Project("{FAE04EC0-301F-11D3-BF4B-00C04F79EFBC}") = "Sample15_15", "Sample15_15\Sample15_15.csproj", "{A6621F4F-0920-49A6-AECD-E6CAABA23A09}"
EndProject
Project("{FAE04EC0-301F-11D3-BF4B-00C04F79EFBC}") = "Sample15_16", "Sample15_16\Sample15_16.csproj", "{A36A776B-6713-44B9-A2D5-843FB7C96103}"
EndProject
Project("{FAE04EC0-301F-11D3-BF4B-00C04F79EFBC}") = "Sample16_1", "Sample16_1\Sample16_1.csproj", "{8245F9D6-EF83-44C3-ACA3-9F2A83B27AA7}"
EndProject
Project("{FAE04EC0-301F-11D3-BF4B-00C04F79EFBC}") = "Sample16_2", "..\Sample16_2\Sample16_2.csproj", "{57D225AF-2A6B-4D33-ACC5-D4DD6833D435}"
EndProject
Project("{FAE04EC0-301F-11D3-BF4B-00C04F79EFBC}") = "Sample16_3", "Sample16_3\Sample16_3.csproj", "{7361D9E2-48FD-4E1F-8C40-E5037EDAE9E1}"
EndProject
Project("{FAE04EC0-301F-11D3-BF4B-00C04F79EFBC}") = "Sample16_3_2", "Sample16_3_2\Sample16_3_2.csproj", "{373648C0-ECAC-403C-9C04-01B241C9952B}"
EndProject
Project("{FAE04EC0-301F-11D3-BF4B-00C04F79EFBC}") = "Sample16_4", "Sample16_4\Sample16_4.csproj", "{B22316F1-534B-42DE-8A13-0EB4F9F3BC36}"
EndProject
Project("{FAE04EC0-301F-11D3-BF4B-00C04F79EFBC}") = "Sample16_5", "Sample16_5\Sample16_5.csproj", "{D28157A0-7D10-4D7F-B61D-4B1E7161C0CF}"
EndProject
Project("{FAE04EC0-301F-11D3-BF4B-00C04F79EFBC}") = "Sample16_6", "Sample16_6\Sample16_6.csproj", "{802250E0-FA64-41D0-83EE-E30E9339CA0C}"
EndProject
Project("{FAE04EC0-301F-11D3-BF4B-00C04F79EFBC}") = "Sample16_7", "Sample16_7\Sample16_7.csproj", "{E9ACEEAA-00EA-4525-A869-85C9CC6E585E}"
EndProject
Project("{FAE04EC0-301F-11D3-BF4B-00C04F79EFBC}") = "Sample16_8", "Sample16_8\Sample16_8.csproj", "{546B2A88-F5D7-4F8D-A5D4-C262D0454BF7}"
EndProject
Global
	GlobalSection(SolutionConfigurationPlatforms) = preSolution
		Debug|Any CPU = Debug|Any CPU
		Release|Any CPU = Release|Any CPU
	EndGlobalSection
	GlobalSection(ProjectConfigurationPlatforms) = postSolution
		{B3624DE2-4B68-4569-AD43-B1D9F661EB65}.Debug|Any CPU.ActiveCfg = Debug|Any CPU
		{B3624DE2-4B68-4569-AD43-B1D9F661EB65}.Debug|Any CPU.Build.0 = Debug|Any CPU
		{B3624DE2-4B68-4569-AD43-B1D9F661EB65}.Release|Any CPU.ActiveCfg = Release|Any CPU
		{B3624DE2-4B68-4569-AD43-B1D9F661EB65}.Release|Any CPU.Build.0 = Release|Any CPU
		{2DFA073C-4C72-490F-8665-3C4C929D4CF9}.Debug|Any CPU.ActiveCfg = Debug|Any CPU
		{2DFA073C-4C72-490F-8665-3C4C929D4CF9}.Debug|Any CPU.Build.0 = Debug|Any CPU
		{2DFA073C-4C72-490F-8665-3C4C929D4CF9}.Release|Any CPU.ActiveCfg = Release|Any CPU
		{2DFA073C-4C72-490F-8665-3C4C929D4CF9}.Release|Any CPU.Build.0 = Release|Any CPU
		{49EF0C1E-C935-4788-8D2E-FEE29DA8B33A}.Debug|Any CPU.ActiveCfg = Debug|Any CPU
		{49EF0C1E-C935-4788-8D2E-FEE29DA8B33A}.Debug|Any CPU.Build.0 = Debug|Any CPU
		{49EF0C1E-C935-4788-8D2E-FEE29DA8B33A}.Release|Any CPU.ActiveCfg = Release|Any CPU
		{49EF0C1E-C935-4788-8D2E-FEE29DA8B33A}.Release|Any CPU.Build.0 = Release|Any CPU
		{80A65D57-73E7-4631-A7D8-EFF6967ECE66}.Debug|Any CPU.ActiveCfg = Debug|Any CPU
		{80A65D57-73E7-4631-A7D8-EFF6967ECE66}.Debug|Any CPU.Build.0 = Debug|Any CPU
		{80A65D57-73E7-4631-A7D8-EFF6967ECE66}.Release|Any CPU.ActiveCfg = Release|Any CPU
		{80A65D57-73E7-4631-A7D8-EFF6967ECE66}.Release|Any CPU.Build.0 = Release|Any CPU
		{8A5E3E1E-F7FD-4235-830A-7606E62B9A59}.Debug|Any CPU.ActiveCfg = Debug|Any CPU
		{8A5E3E1E-F7FD-4235-830A-7606E62B9A59}.Debug|Any CPU.Build.0 = Debug|Any CPU
		{8A5E3E1E-F7FD-4235-830A-7606E62B9A59}.Release|Any CPU.ActiveCfg = Release|Any CPU
		{8A5E3E1E-F7FD-4235-830A-7606E62B9A59}.Release|Any CPU.Build.0 = Release|Any CPU
		{9FE19844-3BBB-4E19-94D8-569749B71496}.Debug|Any CPU.ActiveCfg = Debug|Any CPU
		{9FE19844-3BBB-4E19-94D8-569749B71496}.Debug|Any CPU.Build.0 = Debug|Any CPU
		{9FE19844-3BBB-4E19-94D8-569749B71496}.Release|Any CPU.ActiveCfg = Release|Any CPU
		{9FE19844-3BBB-4E19-94D8-569749B71496}.Release|Any CPU.Build.0 = Release|Any CPU
		{5FE73395-A0E4-4F18-8436-D6CBA567E486}.Debug|Any CPU.ActiveCfg = Debug|Any CPU
		{5FE73395-A0E4-4F18-8436-D6CBA567E486}.Debug|Any CPU.Build.0 = Debug|Any CPU
		{5FE73395-A0E4-4F18-8436-D6CBA567E486}.Release|Any CPU.ActiveCfg = Release|Any CPU
		{5FE73395-A0E4-4F18-8436-D6CBA567E486}.Release|Any CPU.Build.0 = Release|Any CPU
		{AB62E8C4-ECCC-498F-B0F3-647C2CC1B951}.Debug|Any CPU.ActiveCfg = Debug|Any CPU
		{AB62E8C4-ECCC-498F-B0F3-647C2CC1B951}.Debug|Any CPU.Build.0 = Debug|Any CPU
		{AB62E8C4-ECCC-498F-B0F3-647C2CC1B951}.Release|Any CPU.ActiveCfg = Release|Any CPU
		{AB62E8C4-ECCC-498F-B0F3-647C2CC1B951}.Release|Any CPU.Build.0 = Release|Any CPU
		{84D6D28E-8D31-4C80-8571-1BB5994A9F65}.Debug|Any CPU.ActiveCfg = Debug|Any CPU
		{84D6D28E-8D31-4C80-8571-1BB5994A9F65}.Debug|Any CPU.Build.0 = Debug|Any CPU
		{84D6D28E-8D31-4C80-8571-1BB5994A9F65}.Release|Any CPU.ActiveCfg = Release|Any CPU
		{84D6D28E-8D31-4C80-8571-1BB5994A9F65}.Release|Any CPU.Build.0 = Release|Any CPU
		{BCD74D0E-CEA3-4F33-A188-5510DCA9D1C6}.Debug|Any CPU.ActiveCfg = Debug|Any CPU
		{BCD74D0E-CEA3-4F33-A188-5510DCA9D1C6}.Debug|Any CPU.Build.0 = Debug|Any CPU
		{BCD74D0E-CEA3-4F33-A188-5510DCA9D1C6}.Release|Any CPU.ActiveCfg = Release|Any CPU
		{BCD74D0E-CEA3-4F33-A188-5510DCA9D1C6}.Release|Any CPU.Build.0 = Release|Any CPU
		{321D13AD-E320-4D5F-B955-AEC6CC25B0BA}.Debug|Any CPU.ActiveCfg = Debug|Any CPU
		{321D13AD-E320-4D5F-B955-AEC6CC25B0BA}.Debug|Any CPU.Build.0 = Debug|Any CPU
		{321D13AD-E320-4D5F-B955-AEC6CC25B0BA}.Release|Any CPU.ActiveCfg = Release|Any CPU
		{321D13AD-E320-4D5F-B955-AEC6CC25B0BA}.Release|Any CPU.Build.0 = Release|Any CPU
		{0610CDD2-1154-487A-BB62-D42FAF9378BA}.Debug|Any CPU.ActiveCfg = Debug|Any CPU
		{0610CDD2-1154-487A-BB62-D42FAF9378BA}.Debug|Any CPU.Build.0 = Debug|Any CPU
		{0610CDD2-1154-487A-BB62-D42FAF9378BA}.Release|Any CPU.ActiveCfg = Release|Any CPU
		{0610CDD2-1154-487A-BB62-D42FAF9378BA}.Release|Any CPU.Build.0 = Release|Any CPU
		{CABDFDF5-23B3-4E5E-9803-4E06E4C87678}.Debug|Any CPU.ActiveCfg = Debug|Any CPU
		{CABDFDF5-23B3-4E5E-9803-4E06E4C87678}.Debug|Any CPU.Build.0 = Debug|Any CPU
		{CABDFDF5-23B3-4E5E-9803-4E06E4C87678}.Release|Any CPU.ActiveCfg = Release|Any CPU
		{CABDFDF5-23B3-4E5E-9803-4E06E4C87678}.Release|Any CPU.Build.0 = Release|Any CPU
		{7A1AB0DA-782D-4EB7-B597-B49F87C93557}.Debug|Any CPU.ActiveCfg = Debug|Any CPU
		{7A1AB0DA-782D-4EB7-B597-B49F87C93557}.Debug|Any CPU.Build.0 = Debug|Any CPU
		{7A1AB0DA-782D-4EB7-B597-B49F87C93557}.Release|Any CPU.ActiveCfg = Release|Any CPU
		{7A1AB0DA-782D-4EB7-B597-B49F87C93557}.Release|Any CPU.Build.0 = Release|Any CPU
		{484DEF25-5267-410D-A361-24C390D0270D}.Debug|Any CPU.ActiveCfg = Debug|Any CPU
		{484DEF25-5267-410D-A361-24C390D0270D}.Debug|Any CPU.Build.0 = Debug|Any CPU
		{484DEF25-5267-410D-A361-24C390D0270D}.Release|Any CPU.ActiveCfg = Release|Any CPU
		{484DEF25-5267-410D-A361-24C390D0270D}.Release|Any CPU.Build.0 = Release|Any CPU
		{6C4C8A55-D1DE-44E8-874F-A5AB1340CE56}.Debug|Any CPU.ActiveCfg = Debug|Any CPU
		{6C4C8A55-D1DE-44E8-874F-A5AB1340CE56}.Debug|Any CPU.Build.0 = Debug|Any CPU
		{6C4C8A55-D1DE-44E8-874F-A5AB1340CE56}.Release|Any CPU.ActiveCfg = Release|Any CPU
		{6C4C8A55-D1DE-44E8-874F-A5AB1340CE56}.Release|Any CPU.Build.0 = Release|Any CPU
		{AF8FB4C6-95D4-40F7-86D9-36695BDFEC2C}.Debug|Any CPU.ActiveCfg = Debug|Any CPU
		{AF8FB4C6-95D4-40F7-86D9-36695BDFEC2C}.Debug|Any CPU.Build.0 = Debug|Any CPU
		{AF8FB4C6-95D4-40F7-86D9-36695BDFEC2C}.Release|Any CPU.ActiveCfg = Release|Any CPU
		{AF8FB4C6-95D4-40F7-86D9-36695BDFEC2C}.Release|Any CPU.Build.0 = Release|Any CPU
		{347B1D42-8FFA-40DF-B76F-14BD3CCD5156}.Debug|Any CPU.ActiveCfg = Debug|Any CPU
		{347B1D42-8FFA-40DF-B76F-14BD3CCD5156}.Debug|Any CPU.Build.0 = Debug|Any CPU
		{347B1D42-8FFA-40DF-B76F-14BD3CCD5156}.Release|Any CPU.ActiveCfg = Release|Any CPU
		{347B1D42-8FFA-40DF-B76F-14BD3CCD5156}.Release|Any CPU.Build.0 = Release|Any CPU
		{A6621F4F-0920-49A6-AECD-E6CAABA23A09}.Debug|Any CPU.ActiveCfg = Debug|Any CPU
		{A6621F4F-0920-49A6-AECD-E6CAABA23A09}.Debug|Any CPU.Build.0 = Debug|Any CPU
		{A6621F4F-0920-49A6-AECD-E6CAABA23A09}.Release|Any CPU.ActiveCfg = Release|Any CPU
		{A6621F4F-0920-49A6-AECD-E6CAABA23A09}.Release|Any CPU.Build.0 = Release|Any CPU
		{A36A776B-6713-44B9-A2D5-843FB7C96103}.Debug|Any CPU.ActiveCfg = Debug|Any CPU
		{A36A776B-6713-44B9-A2D5-843FB7C96103}.Debug|Any CPU.Build.0 = Debug|Any CPU
		{A36A776B-6713-44B9-A2D5-843FB7C96103}.Release|Any CPU.ActiveCfg = Release|Any CPU
		{A36A776B-6713-44B9-A2D5-843FB7C96103}.Release|Any CPU.Build.0 = Release|Any CPU
		{8245F9D6-EF83-44C3-ACA3-9F2A83B27AA7}.Debug|Any CPU.ActiveCfg = Debug|Any CPU
		{8245F9D6-EF83-44C3-ACA3-9F2A83B27AA7}.Debug|Any CPU.Build.0 = Debug|Any CPU
		{8245F9D6-EF83-44C3-ACA3-9F2A83B27AA7}.Release|Any CPU.ActiveCfg = Release|Any CPU
		{8245F9D6-EF83-44C3-ACA3-9F2A83B27AA7}.Release|Any CPU.Build.0 = Release|Any CPU
		{57D225AF-2A6B-4D33-ACC5-D4DD6833D435}.Debug|Any CPU.ActiveCfg = Debug|Any CPU
		{57D225AF-2A6B-4D33-ACC5-D4DD6833D435}.Debug|Any CPU.Build.0 = Debug|Any CPU
		{57D225AF-2A6B-4D33-ACC5-D4DD6833D435}.Release|Any CPU.ActiveCfg = Release|Any CPU
		{57D225AF-2A6B-4D33-ACC5-D4DD6833D435}.Release|Any CPU.Build.0 = Release|Any CPU
		{7361D9E2-48FD-4E1F-8C40-E5037EDAE9E1}.Debug|Any CPU.ActiveCfg = Debug|Any CPU
		{7361D9E2-48FD-4E1F-8C40-E5037EDAE9E1}.Debug|Any CPU.Build.0 = Debug|Any CPU
		{7361D9E2-48FD-4E1F-8C40-E5037EDAE9E1}.Release|Any CPU.ActiveCfg = Release|Any CPU
		{7361D9E2-48FD-4E1F-8C40-E5037EDAE9E1}.Release|Any CPU.Build.0 = Release|Any CPU
		{373648C0-ECAC-403C-9C04-01B241C9952B}.Debug|Any CPU.ActiveCfg = Debug|Any CPU
		{373648C0-ECAC-403C-9C04-01B241C9952B}.Debug|Any CPU.Build.0 = Debug|Any CPU
		{373648C0-ECAC-403C-9C04-01B241C9952B}.Release|Any CPU.ActiveCfg = Release|Any CPU
		{373648C0-ECAC-403C-9C04-01B241C9952B}.Release|Any CPU.Build.0 = Release|Any CPU
		{B22316F1-534B-42DE-8A13-0EB4F9F3BC36}.Debug|Any CPU.ActiveCfg = Debug|Any CPU
		{B22316F1-534B-42DE-8A13-0EB4F9F3BC36}.Debug|Any CPU.Build.0 = Debug|Any CPU
		{B22316F1-534B-42DE-8A13-0EB4F9F3BC36}.Release|Any CPU.ActiveCfg = Release|Any CPU
		{B22316F1-534B-42DE-8A13-0EB4F9F3BC36}.Release|Any CPU.Build.0 = Release|Any CPU
		{D28157A0-7D10-4D7F-B61D-4B1E7161C0CF}.Debug|Any CPU.ActiveCfg = Debug|Any CPU
		{D28157A0-7D10-4D7F-B61D-4B1E7161C0CF}.Debug|Any CPU.Build.0 = Debug|Any CPU
		{D28157A0-7D10-4D7F-B61D-4B1E7161C0CF}.Release|Any CPU.ActiveCfg = Release|Any CPU
		{D28157A0-7D10-4D7F-B61D-4B1E7161C0CF}.Release|Any CPU.Build.0 = Release|Any CPU
		{802250E0-FA64-41D0-83EE-E30E9339CA0C}.Debug|Any CPU.ActiveCfg = Debug|Any CPU
		{802250E0-FA64-41D0-83EE-E30E9339CA0C}.Debug|Any CPU.Build.0 = Debug|Any CPU
		{802250E0-FA64-41D0-83EE-E30E9339CA0C}.Release|Any CPU.ActiveCfg = Release|Any CPU
		{802250E0-FA64-41D0-83EE-E30E9339CA0C}.Release|Any CPU.Build.0 = Release|Any CPU
		{E9ACEEAA-00EA-4525-A869-85C9CC6E585E}.Debug|Any CPU.ActiveCfg = Debug|Any CPU
		{E9ACEEAA-00EA-4525-A869-85C9CC6E585E}.Debug|Any CPU.Build.0 = Debug|Any CPU
		{E9ACEEAA-00EA-4525-A869-85C9CC6E585E}.Release|Any CPU.ActiveCfg = Release|Any CPU
		{E9ACEEAA-00EA-4525-A869-85C9CC6E585E}.Release|Any CPU.Build.0 = Release|Any CPU
		{546B2A88-F5D7-4F8D-A5D4-C262D0454BF7}.Debug|Any CPU.ActiveCfg = Debug|Any CPU
		{546B2A88-F5D7-4F8D-A5D4-C262D0454BF7}.Debug|Any CPU.Build.0 = Debug|Any CPU
		{546B2A88-F5D7-4F8D-A5D4-C262D0454BF7}.Release|Any CPU.ActiveCfg = Release|Any CPU
		{546B2A88-F5D7-4F8D-A5D4-C262D0454BF7}.Release|Any CPU.Build.0 = Release|Any CPU
	EndGlobalSection
	GlobalSection(SolutionProperties) = preSolution
		HideSolutionNode = FALSE
	EndGlobalSection
	GlobalSection(ExtensibilityGlobals) = postSolution
		SolutionGuid = {FEEA502B-95A8-4ECC-9026-B64ABA85228A}
	EndGlobalSection
EndGlobal
